
Microsoft Visual Studio Solution File, Format Version 12.00
# Visual Studio 2013
VisualStudioVersion = 12.0.31101.0
MinimumVisualStudioVersion = 10.0.40219.1
Project("{2150E333-8FDC-42A3-9474-1A3956D46DE8}") = "Mvc", "Mvc", "{D67CC533-7E7A-4B1D-AE36-296ADAEE7AB4}"
EndProject
Project("{2150E333-8FDC-42A3-9474-1A3956D46DE8}") = "Bdd", "Bdd", "{2A36AD1B-8538-4B3F-8A2E-DD7808E872C5}"
EndProject
Project("{2150E333-8FDC-42A3-9474-1A3956D46DE8}") = "Core", "Core", "{36CFDA1F-AD39-443E-AAA6-B3DA58300660}"
EndProject
Project("{FAE04EC0-301F-11D3-BF4B-00C04F79EFBC}") = "Maxfire.Web.Mvc", "src\app\Maxfire.Web.Mvc\Maxfire.Web.Mvc.csproj", "{1C61E0E9-B998-4894-9DA9-21561F341FE1}"
EndProject
Project("{FAE04EC0-301F-11D3-BF4B-00C04F79EFBC}") = "Maxfire.Web.Mvc.UnitTests", "src\test\Maxfire.Web.Mvc.UnitTests\Maxfire.Web.Mvc.UnitTests.csproj", "{86D429DF-D70E-45CD-B157-59A0C47FAD96}"
EndProject
Project("{FAE04EC0-301F-11D3-BF4B-00C04F79EFBC}") = "Maxfire.TestCommons", "src\app\Maxfire.TestCommons\Maxfire.TestCommons.csproj", "{EC28D48B-21B9-4F6D-838B-89DEE1F0136C}"
EndProject
Project("{FAE04EC0-301F-11D3-BF4B-00C04F79EFBC}") = "Maxfire.TestCommons.UnitTests", "src\test\Maxfire.TestCommons.UnitTests\Maxfire.TestCommons.UnitTests.csproj", "{5BB75E5A-E4E1-4FF4-8291-F93AB692B174}"
EndProject
Project("{FAE04EC0-301F-11D3-BF4B-00C04F79EFBC}") = "Maxfire.Core", "src\app\Maxfire.Core\Maxfire.Core.csproj", "{AF0C4791-DE9C-4353-B344-084E9B0C1770}"
EndProject
Project("{FAE04EC0-301F-11D3-BF4B-00C04F79EFBC}") = "Maxfire.Core.UnitTests", "src\test\Maxfire.Core.UnitTests\Maxfire.Core.UnitTests.csproj", "{B3335CA1-0B7F-4161-948D-11826EF90381}"
EndProject
Project("{FAE04EC0-301F-11D3-BF4B-00C04F79EFBC}") = "Maxfire.Web.Mvc.TestCommons", "src\app\Maxfire.Web.Mvc.TestCommons\Maxfire.Web.Mvc.TestCommons.csproj", "{34CF0F0F-D7D4-4F77-B73C-02CF89B50FC7}"
EndProject
Project("{FAE04EC0-301F-11D3-BF4B-00C04F79EFBC}") = "Maxfire.Web.Mvc.TestCommons.UnitTests", "src\test\Maxfire.Web.Mvc.TestCommons.UnitTests\Maxfire.Web.Mvc.TestCommons.UnitTests.csproj", "{4CB85773-BAF1-48C2-A88C-58B9C1B280E1}"
EndProject
Project("{FAE04EC0-301F-11D3-BF4B-00C04F79EFBC}") = "Maxfire.Spark.Web.Mvc.UnitTests", "src\test\Maxfire.Spark.Web.Mvc.UnitTests\Maxfire.Spark.Web.Mvc.UnitTests.csproj", "{AC51EA22-1BFD-425A-93F0-68E40A65EFFD}"
EndProject
Project("{FAE04EC0-301F-11D3-BF4B-00C04F79EFBC}") = "Maxfire.Spark.Web.Mvc", "src\app\Maxfire.Spark.Web.Mvc\Maxfire.Spark.Web.Mvc.csproj", "{B0B0A7D7-924F-4E58-90A5-69EF4776AAD8}"
EndProject
Project("{FAE04EC0-301F-11D3-BF4B-00C04F79EFBC}") = "Maxfire.Castle.Web.Mvc", "src\app\Maxfire.Castle.Web.Mvc\Maxfire.Castle.Web.Mvc.csproj", "{3D2A9818-C4CA-446F-8CC8-BA631B706FB3}"
EndProject
Project("{FAE04EC0-301F-11D3-BF4B-00C04F79EFBC}") = "Maxfire.Castle.Web.Mvc.UnitTests", "src\test\Maxfire.Castle.Web.Mvc.UnitTests\Maxfire.Castle.Web.Mvc.UnitTests.csproj", "{C674A651-8B6C-4830-BB12-021F35FA1803}"
EndProject
Project("{2150E333-8FDC-42A3-9474-1A3956D46DE8}") = ".nuget", ".nuget", "{7A72DE84-1DE2-4EB8-884C-45ECC15BAD4B}"
	ProjectSection(SolutionItems) = preProject
		.nuget\packages.config = .nuget\packages.config
	EndProjectSection
EndProject
Global
	GlobalSection(SolutionConfigurationPlatforms) = preSolution
		Debug|Any CPU = Debug|Any CPU
		Release|Any CPU = Release|Any CPU
	EndGlobalSection
	GlobalSection(ProjectConfigurationPlatforms) = postSolution
		{1C61E0E9-B998-4894-9DA9-21561F341FE1}.Debug|Any CPU.ActiveCfg = Debug|Any CPU
		{1C61E0E9-B998-4894-9DA9-21561F341FE1}.Debug|Any CPU.Build.0 = Debug|Any CPU
		{1C61E0E9-B998-4894-9DA9-21561F341FE1}.Release|Any CPU.ActiveCfg = Release|Any CPU
		{1C61E0E9-B998-4894-9DA9-21561F341FE1}.Release|Any CPU.Build.0 = Release|Any CPU
		{86D429DF-D70E-45CD-B157-59A0C47FAD96}.Debug|Any CPU.ActiveCfg = Debug|Any CPU
		{86D429DF-D70E-45CD-B157-59A0C47FAD96}.Debug|Any CPU.Build.0 = Debug|Any CPU
		{86D429DF-D70E-45CD-B157-59A0C47FAD96}.Release|Any CPU.ActiveCfg = Release|Any CPU
		{86D429DF-D70E-45CD-B157-59A0C47FAD96}.Release|Any CPU.Build.0 = Release|Any CPU
		{EC28D48B-21B9-4F6D-838B-89DEE1F0136C}.Debug|Any CPU.ActiveCfg = Debug|Any CPU
		{EC28D48B-21B9-4F6D-838B-89DEE1F0136C}.Debug|Any CPU.Build.0 = Debug|Any CPU
		{EC28D48B-21B9-4F6D-838B-89DEE1F0136C}.Release|Any CPU.ActiveCfg = Release|Any CPU
		{EC28D48B-21B9-4F6D-838B-89DEE1F0136C}.Release|Any CPU.Build.0 = Release|Any CPU
		{5BB75E5A-E4E1-4FF4-8291-F93AB692B174}.Debug|Any CPU.ActiveCfg = Debug|Any CPU
		{5BB75E5A-E4E1-4FF4-8291-F93AB692B174}.Debug|Any CPU.Build.0 = Debug|Any CPU
		{5BB75E5A-E4E1-4FF4-8291-F93AB692B174}.Release|Any CPU.ActiveCfg = Release|Any CPU
		{5BB75E5A-E4E1-4FF4-8291-F93AB692B174}.Release|Any CPU.Build.0 = Release|Any CPU
		{AF0C4791-DE9C-4353-B344-084E9B0C1770}.Debug|Any CPU.ActiveCfg = Debug|Any CPU
		{AF0C4791-DE9C-4353-B344-084E9B0C1770}.Debug|Any CPU.Build.0 = Debug|Any CPU
		{AF0C4791-DE9C-4353-B344-084E9B0C1770}.Release|Any CPU.ActiveCfg = Release|Any CPU
		{AF0C4791-DE9C-4353-B344-084E9B0C1770}.Release|Any CPU.Build.0 = Release|Any CPU
		{B3335CA1-0B7F-4161-948D-11826EF90381}.Debug|Any CPU.ActiveCfg = Debug|Any CPU
		{B3335CA1-0B7F-4161-948D-11826EF90381}.Debug|Any CPU.Build.0 = Debug|Any CPU
		{B3335CA1-0B7F-4161-948D-11826EF90381}.Release|Any CPU.ActiveCfg = Release|Any CPU
		{B3335CA1-0B7F-4161-948D-11826EF90381}.Release|Any CPU.Build.0 = Release|Any CPU
		{34CF0F0F-D7D4-4F77-B73C-02CF89B50FC7}.Debug|Any CPU.ActiveCfg = Debug|Any CPU
		{34CF0F0F-D7D4-4F77-B73C-02CF89B50FC7}.Debug|Any CPU.Build.0 = Debug|Any CPU
		{34CF0F0F-D7D4-4F77-B73C-02CF89B50FC7}.Release|Any CPU.ActiveCfg = Release|Any CPU
		{34CF0F0F-D7D4-4F77-B73C-02CF89B50FC7}.Release|Any CPU.Build.0 = Release|Any CPU
		{4CB85773-BAF1-48C2-A88C-58B9C1B280E1}.Debug|Any CPU.ActiveCfg = Debug|Any CPU
		{4CB85773-BAF1-48C2-A88C-58B9C1B280E1}.Debug|Any CPU.Build.0 = Debug|Any CPU
		{4CB85773-BAF1-48C2-A88C-58B9C1B280E1}.Release|Any CPU.ActiveCfg = Release|Any CPU
		{4CB85773-BAF1-48C2-A88C-58B9C1B280E1}.Release|Any CPU.Build.0 = Release|Any CPU
		{AC51EA22-1BFD-425A-93F0-68E40A65EFFD}.Debug|Any CPU.ActiveCfg = Debug|Any CPU
		{AC51EA22-1BFD-425A-93F0-68E40A65EFFD}.Debug|Any CPU.Build.0 = Debug|Any CPU
		{AC51EA22-1BFD-425A-93F0-68E40A65EFFD}.Release|Any CPU.ActiveCfg = Release|Any CPU
		{AC51EA22-1BFD-425A-93F0-68E40A65EFFD}.Release|Any CPU.Build.0 = Release|Any CPU
		{B0B0A7D7-924F-4E58-90A5-69EF4776AAD8}.Debug|Any CPU.ActiveCfg = Debug|Any CPU
		{B0B0A7D7-924F-4E58-90A5-69EF4776AAD8}.Debug|Any CPU.Build.0 = Debug|Any CPU
		{B0B0A7D7-924F-4E58-90A5-69EF4776AAD8}.Release|Any CPU.ActiveCfg = Release|Any CPU
		{B0B0A7D7-924F-4E58-90A5-69EF4776AAD8}.Release|Any CPU.Build.0 = Release|Any CPU
		{3D2A9818-C4CA-446F-8CC8-BA631B706FB3}.Debug|Any CPU.ActiveCfg = Debug|Any CPU
		{3D2A9818-C4CA-446F-8CC8-BA631B706FB3}.Debug|Any CPU.Build.0 = Debug|Any CPU
		{3D2A9818-C4CA-446F-8CC8-BA631B706FB3}.Release|Any CPU.ActiveCfg = Release|Any CPU
		{3D2A9818-C4CA-446F-8CC8-BA631B706FB3}.Release|Any CPU.Build.0 = Release|Any CPU
		{C674A651-8B6C-4830-BB12-021F35FA1803}.Debug|Any CPU.ActiveCfg = Debug|Any CPU
		{C674A651-8B6C-4830-BB12-021F35FA1803}.Debug|Any CPU.Build.0 = Debug|Any CPU
		{C674A651-8B6C-4830-BB12-021F35FA1803}.Release|Any CPU.ActiveCfg = Release|Any CPU
		{C674A651-8B6C-4830-BB12-021F35FA1803}.Release|Any CPU.Build.0 = Release|Any CPU
	EndGlobalSection
	GlobalSection(SolutionProperties) = preSolution
		HideSolutionNode = FALSE
	EndGlobalSection
	GlobalSection(NestedProjects) = preSolution
		{1C61E0E9-B998-4894-9DA9-21561F341FE1} = {D67CC533-7E7A-4B1D-AE36-296ADAEE7AB4}
		{86D429DF-D70E-45CD-B157-59A0C47FAD96} = {D67CC533-7E7A-4B1D-AE36-296ADAEE7AB4}
		{EC28D48B-21B9-4F6D-838B-89DEE1F0136C} = {2A36AD1B-8538-4B3F-8A2E-DD7808E872C5}
		{5BB75E5A-E4E1-4FF4-8291-F93AB692B174} = {2A36AD1B-8538-4B3F-8A2E-DD7808E872C5}
		{AF0C4791-DE9C-4353-B344-084E9B0C1770} = {36CFDA1F-AD39-443E-AAA6-B3DA58300660}
		{B3335CA1-0B7F-4161-948D-11826EF90381} = {36CFDA1F-AD39-443E-AAA6-B3DA58300660}
		{34CF0F0F-D7D4-4F77-B73C-02CF89B50FC7} = {2A36AD1B-8538-4B3F-8A2E-DD7808E872C5}
		{4CB85773-BAF1-48C2-A88C-58B9C1B280E1} = {2A36AD1B-8538-4B3F-8A2E-DD7808E872C5}
		{AC51EA22-1BFD-425A-93F0-68E40A65EFFD} = {D67CC533-7E7A-4B1D-AE36-296ADAEE7AB4}
		{B0B0A7D7-924F-4E58-90A5-69EF4776AAD8} = {D67CC533-7E7A-4B1D-AE36-296ADAEE7AB4}
		{3D2A9818-C4CA-446F-8CC8-BA631B706FB3} = {D67CC533-7E7A-4B1D-AE36-296ADAEE7AB4}
		{C674A651-8B6C-4830-BB12-021F35FA1803} = {D67CC533-7E7A-4B1D-AE36-296ADAEE7AB4}
	EndGlobalSection
EndGlobal
