
Microsoft Visual Studio Solution File, Format Version 11.00
# Visual Studio 2010
Project("{2150E333-8FDC-42A3-9474-1A3956D46DE8}") = "Mvc", "Mvc", "{D67CC533-7E7A-4B1D-AE36-296ADAEE7AB4}"
EndProject
Project("{2150E333-8FDC-42A3-9474-1A3956D46DE8}") = "NHibernate", "NHibernate", "{9AF0AC76-B59B-4CDB-895D-59CAC4F22ADB}"
EndProject
Project("{2150E333-8FDC-42A3-9474-1A3956D46DE8}") = "Bdd", "Bdd", "{2A36AD1B-8538-4B3F-8A2E-DD7808E872C5}"
EndProject
Project("{2150E333-8FDC-42A3-9474-1A3956D46DE8}") = "Core", "Core", "{36CFDA1F-AD39-443E-AAA6-B3DA58300660}"
EndProject
Project("{2150E333-8FDC-42A3-9474-1A3956D46DE8}") = "CommonServiceLocator", "CommonServiceLocator", "{8E0318F9-C5DE-4179-92C5-F88FBF13B608}"
EndProject
Project("{FAE04EC0-301F-11D3-BF4B-00C04F79EFBC}") = "Maxfire.Web.Mvc", "app\Maxfire.Web.Mvc\Maxfire.Web.Mvc.csproj", "{1C61E0E9-B998-4894-9DA9-21561F341FE1}"
EndProject
Project("{FAE04EC0-301F-11D3-BF4B-00C04F79EFBC}") = "Maxfire.Web.Mvc.UnitTests", "test\Maxfire.Web.Mvc.UnitTests\Maxfire.Web.Mvc.UnitTests.csproj", "{86D429DF-D70E-45CD-B157-59A0C47FAD96}"
EndProject
Project("{FAE04EC0-301F-11D3-BF4B-00C04F79EFBC}") = "Maxfire.TestCommons", "app\Maxfire.TestCommons\Maxfire.TestCommons.csproj", "{EC28D48B-21B9-4F6D-838B-89DEE1F0136C}"
EndProject
Project("{FAE04EC0-301F-11D3-BF4B-00C04F79EFBC}") = "Maxfire.TestCommons.UnitTests", "test\Maxfire.TestCommons.UnitTests\Maxfire.TestCommons.UnitTests.csproj", "{5BB75E5A-E4E1-4FF4-8291-F93AB692B174}"
EndProject
Project("{FAE04EC0-301F-11D3-BF4B-00C04F79EFBC}") = "Maxfire.NHibernate", "app\Maxfire.NHibernate\Maxfire.NHibernate.csproj", "{CB434274-86A0-4211-98A4-8B60C69A2174}"
EndProject
Project("{FAE04EC0-301F-11D3-BF4B-00C04F79EFBC}") = "Maxfire.NHibernate.UnitTests", "test\Maxfire.NHibernate.UnitTests\Maxfire.NHibernate.UnitTests.csproj", "{DAF1C46B-E731-4E96-997A-8F111E7FE50E}"
EndProject
Project("{FAE04EC0-301F-11D3-BF4B-00C04F79EFBC}") = "Maxfire.Core", "app\Maxfire.Core\Maxfire.Core.csproj", "{AF0C4791-DE9C-4353-B344-084E9B0C1770}"
EndProject
Project("{FAE04EC0-301F-11D3-BF4B-00C04F79EFBC}") = "Maxfire.Core.UnitTests", "test\Maxfire.Core.UnitTests\Maxfire.Core.UnitTests.csproj", "{B3335CA1-0B7F-4161-948D-11826EF90381}"
EndProject
Project("{FAE04EC0-301F-11D3-BF4B-00C04F79EFBC}") = "Maxfire.Web.Mvc.TestCommons", "app\Maxfire.Web.Mvc.TestCommons\Maxfire.Web.Mvc.TestCommons.csproj", "{34CF0F0F-D7D4-4F77-B73C-02CF89B50FC7}"
EndProject
Project("{FAE04EC0-301F-11D3-BF4B-00C04F79EFBC}") = "Maxfire.Web.Mvc.TestCommons.UnitTests", "test\Maxfire.Web.Mvc.TestCommons.UnitTests\Maxfire.Web.Mvc.TestCommons.UnitTests.csproj", "{4CB85773-BAF1-48C2-A88C-58B9C1B280E1}"
EndProject
Project("{FAE04EC0-301F-11D3-BF4B-00C04F79EFBC}") = "Maxfire.CommonServiceLocator.CastleAdapter.UnitTests", "test\Maxfire.CommonServiceLocator.CastleAdapter.UnitTests\Maxfire.CommonServiceLocator.CastleAdapter.UnitTests.csproj", "{B5B90B06-2BD1-49B5-987D-B5A9DC99E557}"
EndProject
Project("{FAE04EC0-301F-11D3-BF4B-00C04F79EFBC}") = "Maxfire.CommonServiceLocator.CastleAdapter", "app\Maxfire.CommonServiceLocator.CastleAdapter\Maxfire.CommonServiceLocator.CastleAdapter.csproj", "{8EC4D673-EF55-49C2-8757-2DCEFA59B2A6}"
EndProject
Global
	GlobalSection(SolutionConfigurationPlatforms) = preSolution
		Debug|Any CPU = Debug|Any CPU
		Release|Any CPU = Release|Any CPU
	EndGlobalSection
	GlobalSection(ProjectConfigurationPlatforms) = postSolution
		{1C61E0E9-B998-4894-9DA9-21561F341FE1}.Debug|Any CPU.ActiveCfg = Debug|Any CPU
		{1C61E0E9-B998-4894-9DA9-21561F341FE1}.Debug|Any CPU.Build.0 = Debug|Any CPU
		{1C61E0E9-B998-4894-9DA9-21561F341FE1}.Release|Any CPU.ActiveCfg = Release|Any CPU
		{1C61E0E9-B998-4894-9DA9-21561F341FE1}.Release|Any CPU.Build.0 = Release|Any CPU
		{86D429DF-D70E-45CD-B157-59A0C47FAD96}.Debug|Any CPU.ActiveCfg = Debug|Any CPU
		{86D429DF-D70E-45CD-B157-59A0C47FAD96}.Debug|Any CPU.Build.0 = Debug|Any CPU
		{86D429DF-D70E-45CD-B157-59A0C47FAD96}.Release|Any CPU.ActiveCfg = Release|Any CPU
		{86D429DF-D70E-45CD-B157-59A0C47FAD96}.Release|Any CPU.Build.0 = Release|Any CPU
		{EC28D48B-21B9-4F6D-838B-89DEE1F0136C}.Debug|Any CPU.ActiveCfg = Debug|Any CPU
		{EC28D48B-21B9-4F6D-838B-89DEE1F0136C}.Debug|Any CPU.Build.0 = Debug|Any CPU
		{EC28D48B-21B9-4F6D-838B-89DEE1F0136C}.Release|Any CPU.ActiveCfg = Release|Any CPU
		{EC28D48B-21B9-4F6D-838B-89DEE1F0136C}.Release|Any CPU.Build.0 = Release|Any CPU
		{5BB75E5A-E4E1-4FF4-8291-F93AB692B174}.Debug|Any CPU.ActiveCfg = Debug|Any CPU
		{5BB75E5A-E4E1-4FF4-8291-F93AB692B174}.Debug|Any CPU.Build.0 = Debug|Any CPU
		{5BB75E5A-E4E1-4FF4-8291-F93AB692B174}.Release|Any CPU.ActiveCfg = Release|Any CPU
		{5BB75E5A-E4E1-4FF4-8291-F93AB692B174}.Release|Any CPU.Build.0 = Release|Any CPU
		{CB434274-86A0-4211-98A4-8B60C69A2174}.Debug|Any CPU.ActiveCfg = Debug|Any CPU
		{CB434274-86A0-4211-98A4-8B60C69A2174}.Debug|Any CPU.Build.0 = Debug|Any CPU
		{CB434274-86A0-4211-98A4-8B60C69A2174}.Release|Any CPU.ActiveCfg = Release|Any CPU
		{CB434274-86A0-4211-98A4-8B60C69A2174}.Release|Any CPU.Build.0 = Release|Any CPU
		{DAF1C46B-E731-4E96-997A-8F111E7FE50E}.Debug|Any CPU.ActiveCfg = Debug|Any CPU
		{DAF1C46B-E731-4E96-997A-8F111E7FE50E}.Debug|Any CPU.Build.0 = Debug|Any CPU
		{DAF1C46B-E731-4E96-997A-8F111E7FE50E}.Release|Any CPU.ActiveCfg = Release|Any CPU
		{DAF1C46B-E731-4E96-997A-8F111E7FE50E}.Release|Any CPU.Build.0 = Release|Any CPU
		{AF0C4791-DE9C-4353-B344-084E9B0C1770}.Debug|Any CPU.ActiveCfg = Debug|Any CPU
		{AF0C4791-DE9C-4353-B344-084E9B0C1770}.Debug|Any CPU.Build.0 = Debug|Any CPU
		{AF0C4791-DE9C-4353-B344-084E9B0C1770}.Release|Any CPU.ActiveCfg = Release|Any CPU
		{AF0C4791-DE9C-4353-B344-084E9B0C1770}.Release|Any CPU.Build.0 = Release|Any CPU
		{B3335CA1-0B7F-4161-948D-11826EF90381}.Debug|Any CPU.ActiveCfg = Debug|Any CPU
		{B3335CA1-0B7F-4161-948D-11826EF90381}.Debug|Any CPU.Build.0 = Debug|Any CPU
		{B3335CA1-0B7F-4161-948D-11826EF90381}.Release|Any CPU.ActiveCfg = Release|Any CPU
		{B3335CA1-0B7F-4161-948D-11826EF90381}.Release|Any CPU.Build.0 = Release|Any CPU
		{34CF0F0F-D7D4-4F77-B73C-02CF89B50FC7}.Debug|Any CPU.ActiveCfg = Debug|Any CPU
		{34CF0F0F-D7D4-4F77-B73C-02CF89B50FC7}.Debug|Any CPU.Build.0 = Debug|Any CPU
		{34CF0F0F-D7D4-4F77-B73C-02CF89B50FC7}.Release|Any CPU.ActiveCfg = Release|Any CPU
		{34CF0F0F-D7D4-4F77-B73C-02CF89B50FC7}.Release|Any CPU.Build.0 = Release|Any CPU
		{4CB85773-BAF1-48C2-A88C-58B9C1B280E1}.Debug|Any CPU.ActiveCfg = Debug|Any CPU
		{4CB85773-BAF1-48C2-A88C-58B9C1B280E1}.Debug|Any CPU.Build.0 = Debug|Any CPU
		{4CB85773-BAF1-48C2-A88C-58B9C1B280E1}.Release|Any CPU.ActiveCfg = Release|Any CPU
		{4CB85773-BAF1-48C2-A88C-58B9C1B280E1}.Release|Any CPU.Build.0 = Release|Any CPU
		{B5B90B06-2BD1-49B5-987D-B5A9DC99E557}.Debug|Any CPU.ActiveCfg = Debug|Any CPU
		{B5B90B06-2BD1-49B5-987D-B5A9DC99E557}.Debug|Any CPU.Build.0 = Debug|Any CPU
		{B5B90B06-2BD1-49B5-987D-B5A9DC99E557}.Release|Any CPU.ActiveCfg = Release|Any CPU
		{B5B90B06-2BD1-49B5-987D-B5A9DC99E557}.Release|Any CPU.Build.0 = Release|Any CPU
		{8EC4D673-EF55-49C2-8757-2DCEFA59B2A6}.Debug|Any CPU.ActiveCfg = Debug|Any CPU
		{8EC4D673-EF55-49C2-8757-2DCEFA59B2A6}.Debug|Any CPU.Build.0 = Debug|Any CPU
		{8EC4D673-EF55-49C2-8757-2DCEFA59B2A6}.Release|Any CPU.ActiveCfg = Release|Any CPU
		{8EC4D673-EF55-49C2-8757-2DCEFA59B2A6}.Release|Any CPU.Build.0 = Release|Any CPU
	EndGlobalSection
	GlobalSection(SolutionProperties) = preSolution
		HideSolutionNode = FALSE
	EndGlobalSection
	GlobalSection(NestedProjects) = preSolution
		{1C61E0E9-B998-4894-9DA9-21561F341FE1} = {D67CC533-7E7A-4B1D-AE36-296ADAEE7AB4}
		{86D429DF-D70E-45CD-B157-59A0C47FAD96} = {D67CC533-7E7A-4B1D-AE36-296ADAEE7AB4}
		{34CF0F0F-D7D4-4F77-B73C-02CF89B50FC7} = {D67CC533-7E7A-4B1D-AE36-296ADAEE7AB4}
		{4CB85773-BAF1-48C2-A88C-58B9C1B280E1} = {D67CC533-7E7A-4B1D-AE36-296ADAEE7AB4}
		{CB434274-86A0-4211-98A4-8B60C69A2174} = {9AF0AC76-B59B-4CDB-895D-59CAC4F22ADB}
		{DAF1C46B-E731-4E96-997A-8F111E7FE50E} = {9AF0AC76-B59B-4CDB-895D-59CAC4F22ADB}
		{EC28D48B-21B9-4F6D-838B-89DEE1F0136C} = {2A36AD1B-8538-4B3F-8A2E-DD7808E872C5}
		{5BB75E5A-E4E1-4FF4-8291-F93AB692B174} = {2A36AD1B-8538-4B3F-8A2E-DD7808E872C5}
		{AF0C4791-DE9C-4353-B344-084E9B0C1770} = {36CFDA1F-AD39-443E-AAA6-B3DA58300660}
		{B3335CA1-0B7F-4161-948D-11826EF90381} = {36CFDA1F-AD39-443E-AAA6-B3DA58300660}
		{B5B90B06-2BD1-49B5-987D-B5A9DC99E557} = {8E0318F9-C5DE-4179-92C5-F88FBF13B608}
		{8EC4D673-EF55-49C2-8757-2DCEFA59B2A6} = {8E0318F9-C5DE-4179-92C5-F88FBF13B608}
	EndGlobalSection
EndGlobal
